{
  "name": "Voting App",
  "lockfileVersion": 3,
  "requires": true,
  "packages": {
    "": {
      "dependencies": {
        "@fontsource/vazir": "^4.5.4",
        "@fontsource/vazirmatn": "^5.2.5"
      }
    },
    "node_modules/@fontsource/vazir": {
      "version": "4.5.4",
      "resolved": "https://registry.npmjs.org/@fontsource/vazir/-/vazir-4.5.4.tgz",
      "integrity": "sha512-PnQwwPf9JDnCHHLx55c9QHBfPSQY4VOqhGTTQ0jUkAAJOW66gE6aCOKZGGANd5e3u95LGXEzzt6E0GZXVUv0cg==",
      "license": "MIT"
    },
    "node_modules/@fontsource/vazirmatn": {
      "version": "5.2.5",
      "resolved": "https://registry.npmjs.org/@fontsource/vazirmatn/-/vazirmatn-5.2.5.tgz",
      "integrity": "sha512-rWQH9i4Zp/64tQTHhy/ijOzdC50kXuBSPDEYDs63TI7EMMG5VzrQrVj6qroIsw6glHumJzpY6tayX4hWCR4RQA==",
      "license": "OFL-1.1",
      "funding": {
        "url": "https://github.com/sponsors/ayuhito"
      }
    }
  }
}
